
Microsoft Visual Studio Solution File, Format Version 12.00
# Visual Studio Version 17
VisualStudioVersion = 17.8.34330.188
MinimumVisualStudioVersion = 10.0.40219.1
Project("{9A19103F-16F7-4668-BE54-9A1E7A4F7556}") = "EntreprisesContacts.Server", "EntreprisesContacts\Server\EntreprisesContacts.Server.csproj", "{5C319700-DEA8-4BB5-9E1E-30472DCB0391}"
EndProject
Project("{9A19103F-16F7-4668-BE54-9A1E7A4F7556}") = "EntreprisesContacts.Client", "EntreprisesContacts\Client\EntreprisesContacts.Client.csproj", "{E187B4A9-D34C-443E-A134-A966D707FA6D}"
EndProject
Project("{9A19103F-16F7-4668-BE54-9A1E7A4F7556}") = "EntreprisesContacts.Shared", "EntreprisesContacts\Shared\EntreprisesContacts.Shared.csproj", "{67B92980-1606-4A88-837D-6C6F2BCEEAFB}"
EndProject
Global
	GlobalSection(SolutionConfigurationPlatforms) = preSolution
		Debug|Any CPU = Debug|Any CPU
		Release|Any CPU = Release|Any CPU
	EndGlobalSection
	GlobalSection(ProjectConfigurationPlatforms) = postSolution
		{5C319700-DEA8-4BB5-9E1E-30472DCB0391}.Debug|Any CPU.ActiveCfg = Debug|Any CPU
		{5C319700-DEA8-4BB5-9E1E-30472DCB0391}.Debug|Any CPU.Build.0 = Debug|Any CPU
		{5C319700-DEA8-4BB5-9E1E-30472DCB0391}.Release|Any CPU.ActiveCfg = Release|Any CPU
		{5C319700-DEA8-4BB5-9E1E-30472DCB0391}.Release|Any CPU.Build.0 = Release|Any CPU
		{E187B4A9-D34C-443E-A134-A966D707FA6D}.Debug|Any CPU.ActiveCfg = Debug|Any CPU
		{E187B4A9-D34C-443E-A134-A966D707FA6D}.Debug|Any CPU.Build.0 = Debug|Any CPU
		{E187B4A9-D34C-443E-A134-A966D707FA6D}.Release|Any CPU.ActiveCfg = Release|Any CPU
		{E187B4A9-D34C-443E-A134-A966D707FA6D}.Release|Any CPU.Build.0 = Release|Any CPU
		{67B92980-1606-4A88-837D-6C6F2BCEEAFB}.Debug|Any CPU.ActiveCfg = Debug|Any CPU
		{67B92980-1606-4A88-837D-6C6F2BCEEAFB}.Debug|Any CPU.Build.0 = Debug|Any CPU
		{67B92980-1606-4A88-837D-6C6F2BCEEAFB}.Release|Any CPU.ActiveCfg = Release|Any CPU
		{67B92980-1606-4A88-837D-6C6F2BCEEAFB}.Release|Any CPU.Build.0 = Release|Any CPU
	EndGlobalSection
	GlobalSection(SolutionProperties) = preSolution
		HideSolutionNode = FALSE
	EndGlobalSection
	GlobalSection(ExtensibilityGlobals) = postSolution
		SolutionGuid = {6B9F7148-FA16-413D-89C3-52F5CA34E739}
	EndGlobalSection
EndGlobal
